
Microsoft Visual Studio Solution File, Format Version 12.00
# Visual Studio Version 16
VisualStudioVersion = 16.0.31702.278
MinimumVisualStudioVersion = 10.0.40219.1
Project("{FAE04EC0-301F-11D3-BF4B-00C04F79EFBC}") = "AppHome47.UWP", "AppHome47\AppHome47.UWP\AppHome47.UWP.csproj", "{011ABB83-85DC-469C-97DB-4D19D3887CDD}"
EndProject
Project("{FAE04EC0-301F-11D3-BF4B-00C04F79EFBC}") = "AppHome47.Android", "AppHome47\AppHome47.Android\AppHome47.Android.csproj", "{B0B2A093-0877-48A2-8335-7DCA59F2CE0C}"
EndProject
Project("{FAE04EC0-301F-11D3-BF4B-00C04F79EFBC}") = "AppHome47.iOS", "AppHome47\AppHome47.iOS\AppHome47.iOS.csproj", "{966421AA-28EE-4551-89B7-CA550E9E2FA6}"
EndProject
Project("{FAE04EC0-301F-11D3-BF4B-00C04F79EFBC}") = "AppHome47", "AppHome47\AppHome47\AppHome47.csproj", "{CCA0C252-80FE-4DE2-89AE-6A1CAA26F797}"
EndProject
Global
	GlobalSection(SolutionConfigurationPlatforms) = preSolution
		Debug|Any CPU = Debug|Any CPU
		Debug|ARM = Debug|ARM
		Debug|iPhone = Debug|iPhone
		Debug|iPhoneSimulator = Debug|iPhoneSimulator
		Debug|x64 = Debug|x64
		Debug|x86 = Debug|x86
		Release|Any CPU = Release|Any CPU
		Release|ARM = Release|ARM
		Release|iPhone = Release|iPhone
		Release|iPhoneSimulator = Release|iPhoneSimulator
		Release|x64 = Release|x64
		Release|x86 = Release|x86
	EndGlobalSection
	GlobalSection(ProjectConfigurationPlatforms) = postSolution
		{011ABB83-85DC-469C-97DB-4D19D3887CDD}.Debug|Any CPU.ActiveCfg = Debug|x86
		{011ABB83-85DC-469C-97DB-4D19D3887CDD}.Debug|Any CPU.Build.0 = Debug|x86
		{011ABB83-85DC-469C-97DB-4D19D3887CDD}.Debug|Any CPU.Deploy.0 = Debug|x86
		{011ABB83-85DC-469C-97DB-4D19D3887CDD}.Debug|ARM.ActiveCfg = Debug|ARM
		{011ABB83-85DC-469C-97DB-4D19D3887CDD}.Debug|ARM.Build.0 = Debug|ARM
		{011ABB83-85DC-469C-97DB-4D19D3887CDD}.Debug|ARM.Deploy.0 = Debug|ARM
		{011ABB83-85DC-469C-97DB-4D19D3887CDD}.Debug|iPhone.ActiveCfg = Debug|x86
		{011ABB83-85DC-469C-97DB-4D19D3887CDD}.Debug|iPhone.Build.0 = Debug|x86
		{011ABB83-85DC-469C-97DB-4D19D3887CDD}.Debug|iPhone.Deploy.0 = Debug|x86
		{011ABB83-85DC-469C-97DB-4D19D3887CDD}.Debug|iPhoneSimulator.ActiveCfg = Debug|x86
		{011ABB83-85DC-469C-97DB-4D19D3887CDD}.Debug|iPhoneSimulator.Build.0 = Debug|x86
		{011ABB83-85DC-469C-97DB-4D19D3887CDD}.Debug|iPhoneSimulator.Deploy.0 = Debug|x86
		{011ABB83-85DC-469C-97DB-4D19D3887CDD}.Debug|x64.ActiveCfg = Debug|x64
		{011ABB83-85DC-469C-97DB-4D19D3887CDD}.Debug|x64.Build.0 = Debug|x64
		{011ABB83-85DC-469C-97DB-4D19D3887CDD}.Debug|x64.Deploy.0 = Debug|x64
		{011ABB83-85DC-469C-97DB-4D19D3887CDD}.Debug|x86.ActiveCfg = Debug|x86
		{011ABB83-85DC-469C-97DB-4D19D3887CDD}.Debug|x86.Build.0 = Debug|x86
		{011ABB83-85DC-469C-97DB-4D19D3887CDD}.Debug|x86.Deploy.0 = Debug|x86
		{011ABB83-85DC-469C-97DB-4D19D3887CDD}.Release|Any CPU.ActiveCfg = Release|x86
		{011ABB83-85DC-469C-97DB-4D19D3887CDD}.Release|Any CPU.Build.0 = Release|x86
		{011ABB83-85DC-469C-97DB-4D19D3887CDD}.Release|Any CPU.Deploy.0 = Release|x86
		{011ABB83-85DC-469C-97DB-4D19D3887CDD}.Release|ARM.ActiveCfg = Release|ARM
		{011ABB83-85DC-469C-97DB-4D19D3887CDD}.Release|ARM.Build.0 = Release|ARM
		{011ABB83-85DC-469C-97DB-4D19D3887CDD}.Release|ARM.Deploy.0 = Release|ARM
		{011ABB83-85DC-469C-97DB-4D19D3887CDD}.Release|iPhone.ActiveCfg = Release|x86
		{011ABB83-85DC-469C-97DB-4D19D3887CDD}.Release|iPhone.Build.0 = Release|x86
		{011ABB83-85DC-469C-97DB-4D19D3887CDD}.Release|iPhone.Deploy.0 = Release|x86
		{011ABB83-85DC-469C-97DB-4D19D3887CDD}.Release|iPhoneSimulator.ActiveCfg = Release|x86
		{011ABB83-85DC-469C-97DB-4D19D3887CDD}.Release|iPhoneSimulator.Build.0 = Release|x86
		{011ABB83-85DC-469C-97DB-4D19D3887CDD}.Release|iPhoneSimulator.Deploy.0 = Release|x86
		{011ABB83-85DC-469C-97DB-4D19D3887CDD}.Release|x64.ActiveCfg = Release|x64
		{011ABB83-85DC-469C-97DB-4D19D3887CDD}.Release|x64.Build.0 = Release|x64
		{011ABB83-85DC-469C-97DB-4D19D3887CDD}.Release|x64.Deploy.0 = Release|x64
		{011ABB83-85DC-469C-97DB-4D19D3887CDD}.Release|x86.ActiveCfg = Release|x86
		{011ABB83-85DC-469C-97DB-4D19D3887CDD}.Release|x86.Build.0 = Release|x86
		{011ABB83-85DC-469C-97DB-4D19D3887CDD}.Release|x86.Deploy.0 = Release|x86
		{B0B2A093-0877-48A2-8335-7DCA59F2CE0C}.Debug|Any CPU.ActiveCfg = Debug|Any CPU
		{B0B2A093-0877-48A2-8335-7DCA59F2CE0C}.Debug|Any CPU.Build.0 = Debug|Any CPU
		{B0B2A093-0877-48A2-8335-7DCA59F2CE0C}.Debug|Any CPU.Deploy.0 = Debug|Any CPU
		{B0B2A093-0877-48A2-8335-7DCA59F2CE0C}.Debug|ARM.ActiveCfg = Debug|Any CPU
		{B0B2A093-0877-48A2-8335-7DCA59F2CE0C}.Debug|ARM.Build.0 = Debug|Any CPU
		{B0B2A093-0877-48A2-8335-7DCA59F2CE0C}.Debug|ARM.Deploy.0 = Debug|Any CPU
		{B0B2A093-0877-48A2-8335-7DCA59F2CE0C}.Debug|iPhone.ActiveCfg = Debug|Any CPU
		{B0B2A093-0877-48A2-8335-7DCA59F2CE0C}.Debug|iPhone.Build.0 = Debug|Any CPU
		{B0B2A093-0877-48A2-8335-7DCA59F2CE0C}.Debug|iPhone.Deploy.0 = Debug|Any CPU
		{B0B2A093-0877-48A2-8335-7DCA59F2CE0C}.Debug|iPhoneSimulator.ActiveCfg = Debug|Any CPU
		{B0B2A093-0877-48A2-8335-7DCA59F2CE0C}.Debug|iPhoneSimulator.Build.0 = Debug|Any CPU
		{B0B2A093-0877-48A2-8335-7DCA59F2CE0C}.Debug|iPhoneSimulator.Deploy.0 = Debug|Any CPU
		{B0B2A093-0877-48A2-8335-7DCA59F2CE0C}.Debug|x64.ActiveCfg = Debug|Any CPU
		{B0B2A093-0877-48A2-8335-7DCA59F2CE0C}.Debug|x64.Build.0 = Debug|Any CPU
		{B0B2A093-0877-48A2-8335-7DCA59F2CE0C}.Debug|x64.Deploy.0 = Debug|Any CPU
		{B0B2A093-0877-48A2-8335-7DCA59F2CE0C}.Debug|x86.ActiveCfg = Debug|Any CPU
		{B0B2A093-0877-48A2-8335-7DCA59F2CE0C}.Debug|x86.Build.0 = Debug|Any CPU
		{B0B2A093-0877-48A2-8335-7DCA59F2CE0C}.Debug|x86.Deploy.0 = Debug|Any CPU
		{B0B2A093-0877-48A2-8335-7DCA59F2CE0C}.Release|Any CPU.ActiveCfg = Release|Any CPU
		{B0B2A093-0877-48A2-8335-7DCA59F2CE0C}.Release|Any CPU.Build.0 = Release|Any CPU
		{B0B2A093-0877-48A2-8335-7DCA59F2CE0C}.Release|Any CPU.Deploy.0 = Release|Any CPU
		{B0B2A093-0877-48A2-8335-7DCA59F2CE0C}.Release|ARM.ActiveCfg = Release|Any CPU
		{B0B2A093-0877-48A2-8335-7DCA59F2CE0C}.Release|ARM.Build.0 = Release|Any CPU
		{B0B2A093-0877-48A2-8335-7DCA59F2CE0C}.Release|ARM.Deploy.0 = Release|Any CPU
		{B0B2A093-0877-48A2-8335-7DCA59F2CE0C}.Release|iPhone.ActiveCfg = Release|Any CPU
		{B0B2A093-0877-48A2-8335-7DCA59F2CE0C}.Release|iPhone.Build.0 = Release|Any CPU
		{B0B2A093-0877-48A2-8335-7DCA59F2CE0C}.Release|iPhone.Deploy.0 = Release|Any CPU
		{B0B2A093-0877-48A2-8335-7DCA59F2CE0C}.Release|iPhoneSimulator.ActiveCfg = Release|Any CPU
		{B0B2A093-0877-48A2-8335-7DCA59F2CE0C}.Release|iPhoneSimulator.Build.0 = Release|Any CPU
		{B0B2A093-0877-48A2-8335-7DCA59F2CE0C}.Release|iPhoneSimulator.Deploy.0 = Release|Any CPU
		{B0B2A093-0877-48A2-8335-7DCA59F2CE0C}.Release|x64.ActiveCfg = Release|Any CPU
		{B0B2A093-0877-48A2-8335-7DCA59F2CE0C}.Release|x64.Build.0 = Release|Any CPU
		{B0B2A093-0877-48A2-8335-7DCA59F2CE0C}.Release|x64.Deploy.0 = Release|Any CPU
		{B0B2A093-0877-48A2-8335-7DCA59F2CE0C}.Release|x86.ActiveCfg = Release|Any CPU
		{B0B2A093-0877-48A2-8335-7DCA59F2CE0C}.Release|x86.Build.0 = Release|Any CPU
		{B0B2A093-0877-48A2-8335-7DCA59F2CE0C}.Release|x86.Deploy.0 = Release|Any CPU
		{966421AA-28EE-4551-89B7-CA550E9E2FA6}.Debug|Any CPU.ActiveCfg = Debug|iPhoneSimulator
		{966421AA-28EE-4551-89B7-CA550E9E2FA6}.Debug|Any CPU.Build.0 = Debug|iPhoneSimulator
		{966421AA-28EE-4551-89B7-CA550E9E2FA6}.Debug|Any CPU.Deploy.0 = Debug|iPhoneSimulator
		{966421AA-28EE-4551-89B7-CA550E9E2FA6}.Debug|ARM.ActiveCfg = Debug|iPhone
		{966421AA-28EE-4551-89B7-CA550E9E2FA6}.Debug|ARM.Build.0 = Debug|iPhone
		{966421AA-28EE-4551-89B7-CA550E9E2FA6}.Debug|ARM.Deploy.0 = Debug|iPhone
		{966421AA-28EE-4551-89B7-CA550E9E2FA6}.Debug|iPhone.ActiveCfg = Debug|iPhone
		{966421AA-28EE-4551-89B7-CA550E9E2FA6}.Debug|iPhone.Build.0 = Debug|iPhone
		{966421AA-28EE-4551-89B7-CA550E9E2FA6}.Debug|iPhone.Deploy.0 = Debug|iPhone
		{966421AA-28EE-4551-89B7-CA550E9E2FA6}.Debug|iPhoneSimulator.ActiveCfg = Debug|iPhoneSimulator
		{966421AA-28EE-4551-89B7-CA550E9E2FA6}.Debug|iPhoneSimulator.Build.0 = Debug|iPhoneSimulator
		{966421AA-28EE-4551-89B7-CA550E9E2FA6}.Debug|iPhoneSimulator.Deploy.0 = Debug|iPhoneSimulator
		{966421AA-28EE-4551-89B7-CA550E9E2FA6}.Debug|x64.ActiveCfg = Debug|iPhoneSimulator
		{966421AA-28EE-4551-89B7-CA550E9E2FA6}.Debug|x64.Build.0 = Debug|iPhoneSimulator
		{966421AA-28EE-4551-89B7-CA550E9E2FA6}.Debug|x64.Deploy.0 = Debug|iPhoneSimulator
		{966421AA-28EE-4551-89B7-CA550E9E2FA6}.Debug|x86.ActiveCfg = Debug|iPhoneSimulator
		{966421AA-28EE-4551-89B7-CA550E9E2FA6}.Debug|x86.Build.0 = Debug|iPhoneSimulator
		{966421AA-28EE-4551-89B7-CA550E9E2FA6}.Debug|x86.Deploy.0 = Debug|iPhoneSimulator
		{966421AA-28EE-4551-89B7-CA550E9E2FA6}.Release|Any CPU.ActiveCfg = Release|iPhoneSimulator
		{966421AA-28EE-4551-89B7-CA550E9E2FA6}.Release|Any CPU.Build.0 = Release|iPhoneSimulator
		{966421AA-28EE-4551-89B7-CA550E9E2FA6}.Release|Any CPU.Deploy.0 = Release|iPhoneSimulator
		{966421AA-28EE-4551-89B7-CA550E9E2FA6}.Release|ARM.ActiveCfg = Release|iPhoneSimulator
		{966421AA-28EE-4551-89B7-CA550E9E2FA6}.Release|ARM.Build.0 = Release|iPhoneSimulator
		{966421AA-28EE-4551-89B7-CA550E9E2FA6}.Release|ARM.Deploy.0 = Release|iPhoneSimulator
		{966421AA-28EE-4551-89B7-CA550E9E2FA6}.Release|iPhone.ActiveCfg = Release|iPhone
		{966421AA-28EE-4551-89B7-CA550E9E2FA6}.Release|iPhone.Build.0 = Release|iPhone
		{966421AA-28EE-4551-89B7-CA550E9E2FA6}.Release|iPhone.Deploy.0 = Release|iPhone
		{966421AA-28EE-4551-89B7-CA550E9E2FA6}.Release|iPhoneSimulator.ActiveCfg = Release|iPhoneSimulator
		{966421AA-28EE-4551-89B7-CA550E9E2FA6}.Release|iPhoneSimulator.Build.0 = Release|iPhoneSimulator
		{966421AA-28EE-4551-89B7-CA550E9E2FA6}.Release|iPhoneSimulator.Deploy.0 = Release|iPhoneSimulator
		{966421AA-28EE-4551-89B7-CA550E9E2FA6}.Release|x64.ActiveCfg = Release|iPhoneSimulator
		{966421AA-28EE-4551-89B7-CA550E9E2FA6}.Release|x64.Build.0 = Release|iPhoneSimulator
		{966421AA-28EE-4551-89B7-CA550E9E2FA6}.Release|x64.Deploy.0 = Release|iPhoneSimulator
		{966421AA-28EE-4551-89B7-CA550E9E2FA6}.Release|x86.ActiveCfg = Release|iPhoneSimulator
		{966421AA-28EE-4551-89B7-CA550E9E2FA6}.Release|x86.Build.0 = Release|iPhoneSimulator
		{966421AA-28EE-4551-89B7-CA550E9E2FA6}.Release|x86.Deploy.0 = Release|iPhoneSimulator
		{CCA0C252-80FE-4DE2-89AE-6A1CAA26F797}.Debug|Any CPU.ActiveCfg = Debug|Any CPU
		{CCA0C252-80FE-4DE2-89AE-6A1CAA26F797}.Debug|Any CPU.Build.0 = Debug|Any CPU
		{CCA0C252-80FE-4DE2-89AE-6A1CAA26F797}.Debug|Any CPU.Deploy.0 = Debug|Any CPU
		{CCA0C252-80FE-4DE2-89AE-6A1CAA26F797}.Debug|ARM.ActiveCfg = Debug|Any CPU
		{CCA0C252-80FE-4DE2-89AE-6A1CAA26F797}.Debug|ARM.Build.0 = Debug|Any CPU
		{CCA0C252-80FE-4DE2-89AE-6A1CAA26F797}.Debug|ARM.Deploy.0 = Debug|Any CPU
		{CCA0C252-80FE-4DE2-89AE-6A1CAA26F797}.Debug|iPhone.ActiveCfg = Debug|Any CPU
		{CCA0C252-80FE-4DE2-89AE-6A1CAA26F797}.Debug|iPhone.Build.0 = Debug|Any CPU
		{CCA0C252-80FE-4DE2-89AE-6A1CAA26F797}.Debug|iPhone.Deploy.0 = Debug|Any CPU
		{CCA0C252-80FE-4DE2-89AE-6A1CAA26F797}.Debug|iPhoneSimulator.ActiveCfg = Debug|Any CPU
		{CCA0C252-80FE-4DE2-89AE-6A1CAA26F797}.Debug|iPhoneSimulator.Build.0 = Debug|Any CPU
		{CCA0C252-80FE-4DE2-89AE-6A1CAA26F797}.Debug|iPhoneSimulator.Deploy.0 = Debug|Any CPU
		{CCA0C252-80FE-4DE2-89AE-6A1CAA26F797}.Debug|x64.ActiveCfg = Debug|Any CPU
		{CCA0C252-80FE-4DE2-89AE-6A1CAA26F797}.Debug|x64.Build.0 = Debug|Any CPU
		{CCA0C252-80FE-4DE2-89AE-6A1CAA26F797}.Debug|x64.Deploy.0 = Debug|Any CPU
		{CCA0C252-80FE-4DE2-89AE-6A1CAA26F797}.Debug|x86.ActiveCfg = Debug|Any CPU
		{CCA0C252-80FE-4DE2-89AE-6A1CAA26F797}.Debug|x86.Build.0 = Debug|Any CPU
		{CCA0C252-80FE-4DE2-89AE-6A1CAA26F797}.Debug|x86.Deploy.0 = Debug|Any CPU
		{CCA0C252-80FE-4DE2-89AE-6A1CAA26F797}.Release|Any CPU.ActiveCfg = Release|Any CPU
		{CCA0C252-80FE-4DE2-89AE-6A1CAA26F797}.Release|Any CPU.Build.0 = Release|Any CPU
		{CCA0C252-80FE-4DE2-89AE-6A1CAA26F797}.Release|Any CPU.Deploy.0 = Release|Any CPU
		{CCA0C252-80FE-4DE2-89AE-6A1CAA26F797}.Release|ARM.ActiveCfg = Release|Any CPU
		{CCA0C252-80FE-4DE2-89AE-6A1CAA26F797}.Release|ARM.Build.0 = Release|Any CPU
		{CCA0C252-80FE-4DE2-89AE-6A1CAA26F797}.Release|ARM.Deploy.0 = Release|Any CPU
		{CCA0C252-80FE-4DE2-89AE-6A1CAA26F797}.Release|iPhone.ActiveCfg = Release|Any CPU
		{CCA0C252-80FE-4DE2-89AE-6A1CAA26F797}.Release|iPhone.Build.0 = Release|Any CPU
		{CCA0C252-80FE-4DE2-89AE-6A1CAA26F797}.Release|iPhone.Deploy.0 = Release|Any CPU
		{CCA0C252-80FE-4DE2-89AE-6A1CAA26F797}.Release|iPhoneSimulator.ActiveCfg = Release|Any CPU
		{CCA0C252-80FE-4DE2-89AE-6A1CAA26F797}.Release|iPhoneSimulator.Build.0 = Release|Any CPU
		{CCA0C252-80FE-4DE2-89AE-6A1CAA26F797}.Release|iPhoneSimulator.Deploy.0 = Release|Any CPU
		{CCA0C252-80FE-4DE2-89AE-6A1CAA26F797}.Release|x64.ActiveCfg = Release|Any CPU
		{CCA0C252-80FE-4DE2-89AE-6A1CAA26F797}.Release|x64.Build.0 = Release|Any CPU
		{CCA0C252-80FE-4DE2-89AE-6A1CAA26F797}.Release|x64.Deploy.0 = Release|Any CPU
		{CCA0C252-80FE-4DE2-89AE-6A1CAA26F797}.Release|x86.ActiveCfg = Release|Any CPU
		{CCA0C252-80FE-4DE2-89AE-6A1CAA26F797}.Release|x86.Build.0 = Release|Any CPU
		{CCA0C252-80FE-4DE2-89AE-6A1CAA26F797}.Release|x86.Deploy.0 = Release|Any CPU
	EndGlobalSection
	GlobalSection(SolutionProperties) = preSolution
		HideSolutionNode = FALSE
	EndGlobalSection
	GlobalSection(ExtensibilityGlobals) = postSolution
		SolutionGuid = {7CBF47A1-1642-4EB1-9087-04D5EFF9D33D}
	EndGlobalSection
EndGlobal
